
Microsoft Visual Studio Solution File, Format Version 12.00
# Visual Studio Version 16
VisualStudioVersion = 16.0.29519.87
MinimumVisualStudioVersion = 10.0.40219.1
Project("{FAE04EC0-301F-11D3-BF4B-00C04F79EFBC}") = "Mankalah", "Mankalah\Mankalah.csproj", "{B63FB775-C7C3-4CEE-B80F-9BD3D28112BE}"
EndProject
Global
	GlobalSection(SolutionConfigurationPlatforms) = preSolution
		Debug|Any CPU = Debug|Any CPU
		Release|Any CPU = Release|Any CPU
	EndGlobalSection
	GlobalSection(ProjectConfigurationPlatforms) = postSolution
		{B63FB775-C7C3-4CEE-B80F-9BD3D28112BE}.Debug|Any CPU.ActiveCfg = Debug|Any CPU
		{B63FB775-C7C3-4CEE-B80F-9BD3D28112BE}.Debug|Any CPU.Build.0 = Debug|Any CPU
		{B63FB775-C7C3-4CEE-B80F-9BD3D28112BE}.Release|Any CPU.ActiveCfg = Release|Any CPU
		{B63FB775-C7C3-4CEE-B80F-9BD3D28112BE}.Release|Any CPU.Build.0 = Release|Any CPU
	EndGlobalSection
	GlobalSection(SolutionProperties) = preSolution
		HideSolutionNode = FALSE
	EndGlobalSection
	GlobalSection(ExtensibilityGlobals) = postSolution
		SolutionGuid = {6B68F84A-9AFA-4BAD-A044-3CAF1866C94D}
	EndGlobalSection
EndGlobal
